{
    "_meta": {
        "hash": {
            "sha256": "7a9b524b92eb53622951e93c7213e12509fa4f276342683ee4256e45ede2823b"
        },
        "pipfile-spec": 6,
        "requires": {
            "python_version": ">=3"
        },
        "sources": [
            {
                "name": "pypi",
                "url": "https://pypi.org/simple",
                "verify_ssl": true
            }
        ]
    },
    "default": {
        "asgiref": {
            "hashes": [
                "sha256:71e68008da809b957b7ee4b43dbccff33d1b23519fb8344e33f049897077afac",
                "sha256:9567dfe7bd8d3c8c892227827c41cce860b368104c3431da67a0c5a65a949506"
            ],
            "markers": "python_version >= '3.7'",
            "version": "==3.6.0"
        },
        "cx-oracle": {
            "hashes": [
                "sha256:076ffb71279d6b2dcbf7df028f62a01e18ce5bb73d8b01eab582bf14a62f4a61",
                "sha256:07f01608dfb6603a8f2a868fc7c7bdc951480f187df8dbc50f4d48c884874e6a",
                "sha256:3b2d215af4441463c97ea469b9cc307460739f89fdfa8ea222ea3518f1a424d9",
                "sha256:3baa878597c5fadb2c72f359f548431c7be001e722ce4a4ebdf3d2293a1bb70b",
                "sha256:410747d542e5f94727f5f0e42e9706c772cf9094fb348ce965ab88b3a9e4d2d8",
                "sha256:4b3afe7a911cebaceda908228d36839f6441cbd38e5df491ec25960562bb01a0",
                "sha256:4c82ca74442c298ceec56d207450c192e06ecf8ad52eb4aaad0812e147ceabf7",
                "sha256:54164974d526b76fdefb0b66a42b68e1fca5df78713d0eeb8c1d0047b83f6bcf",
                "sha256:70d3cf030aefd71f99b45beba77237b2af448adf5e26be0db3d0d3dee6ea4230",
                "sha256:715a8bbda5982af484ded14d184304cc552c1096c82471dd2948298470e88a04",
                "sha256:b6a23da225f03f50a81980c61dbd6a358c3575f212ca7f4c22bb65a9faf94f7f",
                "sha256:b82e4b165ffd807a2bd256259a6b81b0a2452883d39f987509e2292d494ea163",
                "sha256:b902db61dcdcbbf8dd981f5a46d72fef40c5150c7fc0eb0f0698b462d6eb834e",
                "sha256:bf01ce87edb4ef663b2e5bd604e1e0154d2cc2f12b60301f788b569d9db8a900",
                "sha256:de42bdc882abdc5cea54597da27a05593b44143728e5b629ad5d35decb1a2036",
                "sha256:df412238a9948340591beee9ec64fa62a2efacc0d91107034a7023e2991fba97"
            ],
            "index": "pypi",
            "version": "==8.3.0"
        },
        "django": {
            "hashes": [
                "sha256:43253f4b4a2c3a1694cd52d3517847271934c84dbd060ca0e82a9f90e569dab3",
                "sha256:dba9dd0bf8b748aa9c98d6c679f8b1c0bfa43124844bea9425ad9ba0cd5e65c3"
            ],
            "index": "pypi",
            "version": "==4.1.8"
        },
        "lock": {
            "hashes": [
                "sha256:cc5ac770930493eed7a8cfd0cf2568a125faf112eb8aa6b6149b3e581523d0c7"
            ],
            "index": "pypi",
            "version": "==2018.3.25.2110"
        },
        "mssql-django": {
            "hashes": [
                "sha256:bc6ee6357df6aeabc2bcdf78dcde38417bc1c748cd1234c6bd17e315d1469e36",
                "sha256:e482215743ce1032484f0972cea8601f0b6fca9f3c7d261429623b50319c446f"
            ],
            "index": "pypi",
            "version": "==1.2"
        },
        "mysqlclient": {
            "hashes": [
                "sha256:0d1cd3a5a4d28c222fa199002810e8146cffd821410b67851af4cc80aeccd97c",
                "sha256:828757e419fb11dd6c5ed2576ec92c3efaa93a0f7c39e263586d1ee779c3d782",
                "sha256:996924f3483fd36a34a5812210c69e71dea5a3d5978d01199b78b7f6d485c855",
                "sha256:b355c8b5a7d58f2e909acdbb050858390ee1b0e13672ae759e5e784110022994",
                "sha256:c1ed71bd6244993b526113cca3df66428609f90e4652f37eb51c33496d478b37",
                "sha256:c812b67e90082a840efb82a8978369e6e69fc62ce1bda4ca8f3084a9d862308b",
                "sha256:dea88c8d3f5a5d9293dfe7f087c16dd350ceb175f2f6631c9cf4caf3e19b7a96"
            ],
            "index": "pypi",
            "version": "==2.1.1"
        },
        "psycopg2": {
            "hashes": [
                "sha256:11aca705ec888e4f4cea97289a0bf0f22a067a32614f6ef64fcf7b8bfbc53744",
                "sha256:1861a53a6a0fd248e42ea37c957d36950da00266378746588eab4f4b5649e95f",
                "sha256:2362ee4d07ac85ff0ad93e22c693d0f37ff63e28f0615a16b6635a645f4b9214",
                "sha256:36c941a767341d11549c0fbdbb2bf5be2eda4caf87f65dfcd7d146828bd27f39",
                "sha256:53f4ad0a3988f983e9b49a5d9765d663bbe84f508ed655affdb810af9d0972ad",
                "sha256:869776630c04f335d4124f120b7fb377fe44b0a7645ab3c34b4ba42516951889",
                "sha256:a8ad4a47f42aa6aec8d061fdae21eaed8d864d4bb0f0cade5ad32ca16fcd6258",
                "sha256:b81fcb9ecfc584f661b71c889edeae70bae30d3ef74fa0ca388ecda50b1222b7",
                "sha256:d24ead3716a7d093b90b27b3d73459fe8cd90fd7065cf43b3c40966221d8c394",
                "sha256:ded2faa2e6dfb430af7713d87ab4abbfc764d8d7fb73eafe96a24155f906ebf5",
                "sha256:f15158418fd826831b28585e2ab48ed8df2d0d98f502a2b4fe619e7d5ca29011",
                "sha256:f75001a1cbbe523e00b0ef896a5a1ada2da93ccd752b7636db5a99bc57c44494",
                "sha256:f7a7a5ee78ba7dc74265ba69e010ae89dae635eea0e97b055fb641a01a31d2b1"
            ],
            "index": "pypi",
            "version": "==2.9.6"
        },
        "pyodbc": {
            "hashes": [
                "sha256:025968ab8932e47f7508c4cc971001077ac1f17756877d0711a319e99e953215",
                "sha256:04fdd0f121389e5f5b38dc0c583b5c0a55979accb3097bc9ba6b71508cb19c24",
                "sha256:0a5fedd967345cd138dbfdb4e2633df105fc1a6fe0cfce790c62827ac18cee79",
                "sha256:12843a084f21cf6c98f7973d6c57037201ffedec01c8ba4df0792783e15c584e",
                "sha256:16c6301150ec1993c19381c6ec7982fa9ac75d72d8e9ed2ddb48b8eef9d1cde7",
                "sha256:22af4364419dc02ab1938309b8343145a079b26fd0e7f5458e4bec4a35d5b535",
                "sha256:23429dc9f4156ca7e8f3a1b515008c18f22bc8569f1a8e026292d69cc514c66f",
                "sha256:278317d4c85bf66f31a86518c2fe81e68b9eb1a2a5bbd7315cce7bd8838a550c",
                "sha256:395fae6d2b4c26c2c93e4a4d2ac051dbfbfc37dd55312a458822115947003949",
                "sha256:39983420cffdcce9d1d652a3b241607e37cb8c65fcc1f6819aca3f570b09a476",
                "sha256:3d7a7ad4636ca64715548ef383ff0712aca857b86aa4e447a05180e610633a89",
                "sha256:51eb274ed16a1094fb50c64bb7a0bdc763346f3a8d7420923e9b946c01e3cc81",
                "sha256:5910c8be937611299614a6ead738a886fdcb51091a8d4680a27250f7f9444483",
                "sha256:620aa68e73caefa84f762d3f51b709a4eadb62df5d0feaf41f0edc4ff6553e04",
                "sha256:661fe8d82357f005f8103141528a6eb99188b65d8656365c1c6f9e9f0f95e174",
                "sha256:6eb903dfddbc9ee85074d2d66da56c272fcae2dba912b0173e44a4dd2708efbc",
                "sha256:7173011fb424137cede4b2281d984f358e0aff1cbeef764e9847cc4d6bc25995",
                "sha256:741ebc34540a8151749efb75bcf0c4c0f1a962e67e268a4963bee0452af5923d",
                "sha256:8c3da1d0658db8bd8bdd9343585bc9dd3a0ea9d9c8e55916f7cd6102de66daca",
                "sha256:8fa6752838f1b950bc1658036e9059d8e2b0c2749d32a10ee15c5c48e85eed70",
                "sha256:a075bde092ee69f6aaeacb9ba98eb071e0827b20326d875ad5432f5f90a9de03",
                "sha256:a1190dfa511cfafb078e808c1cb09991862ea752afe2faf3078cfe247298e2da",
                "sha256:b9154219785dea409b020336d069fafc67efe5a4c6b61d9ac71b42545792a5ad",
                "sha256:bbb3a6e79e18829675dc4de65ac7fcf24a1c19eb2692ccbf94f65ee41840f299",
                "sha256:c15b3588fe6b1b8bddd141e1818bc8dcbe14c20d798197141ea2ddb0b90079d7",
                "sha256:c5ccff8909c73eef783b557a782b78861b5f1b7429d868209cc040c9595f580c",
                "sha256:c7b9f8ae0248fbdbafe8b15b68422399f03206eb3970d6a574bb7352fae56f71",
                "sha256:cb3cd1ed69cfabe26f818aae9eea810978215d414ced61355eccc9363905d061",
                "sha256:cf00ec10589cbd5478f77e728dbbd4e7ec158f0741467c14ae5716d1233ebf00",
                "sha256:da2388ddff5ccaa28acfb34c47aeee4c99ece44880b6729a37019b651eed4cc0",
                "sha256:da7ebe90c28999b89ac2b5e8169d317870cd90cf6ea6475f4437a19b239751fe",
                "sha256:e5cc5e409fe79322c0503190ef9529837d559930d67fd15d8c33cba20914485c",
                "sha256:f146d3f406883ce40a64c392172f945b0a7638f59bcd8799100ecbd0b183b3d2",
                "sha256:f897fe4ccc348e777c4d4be066228543c3d894219e272c47cc161ad5b517964a",
                "sha256:f9224a39ea2c6fe6ce491923edd058e0b817a61846adf9842491c3ee0d08efd5"
            ],
            "index": "pypi",
            "version": "==4.0.38"
        },
        "pytz": {
            "hashes": [
                "sha256:1d8ce29db189191fb55338ee6d0387d82ab59f3d00eac103412d64e0ebd0c588",
                "sha256:a151b3abb88eda1d4e34a9814df37de2a80e301e68ba0fd856fb9b46bfbbbffb"
            ],
            "version": "==2023.3"
        },
        "sqlparse": {
            "hashes": [
                "sha256:0323c0ec29cd52bceabc1b4d9d579e311f3e4961b98d174201d5622a23b85e34",
                "sha256:69ca804846bb114d2ec380e4360a8a340db83f0ccf3afceeb1404df028f57268"
            ],
            "markers": "python_version >= '3.5'",
            "version": "==0.4.3"
        }
    },
    "develop": {}
}
